// !$*UTF8*$!
{
	archiveVersion = 1;
	classes = {
	};
	objectVersion = 52;
	objects = {

/* Begin PBXBuildFile section */
		691633872592337900AD5718 /* MapPressedView.swift in Sources */ = {isa = PBXBuildFile; fileRef = 691633862592337900AD5718 /* MapPressedView.swift */; };
		6972E820259103F6000BD3A5 /* PAutomatStruct.swift in Sources */ = {isa = PBXBuildFile; fileRef = 6972E81F259103F6000BD3A5 /* PAutomatStruct.swift */; };
		69B022C2259128F3006EFAAA /* CoordinateTransformationLibrary in Frameworks */ = {isa = PBXBuildFile; productRef = 69B022C1259128F3006EFAAA /* CoordinateTransformationLibrary */; };
		A7BCD27C258A318F00CB62C6 /* MobilApp_LABCApp.swift in Sources */ = {isa = PBXBuildFile; fileRef = A7BCD27B258A318F00CB62C6 /* MobilApp_LABCApp.swift */; };
		A7BCD27E258A318F00CB62C6 /* ContentView.swift in Sources */ = {isa = PBXBuildFile; fileRef = A7BCD27D258A318F00CB62C6 /* ContentView.swift */; };
		A7BCD280258A319300CB62C6 /* Assets.xcassets in Resources */ = {isa = PBXBuildFile; fileRef = A7BCD27F258A319300CB62C6 /* Assets.xcassets */; };
		A7BCD283258A319300CB62C6 /* Preview Assets.xcassets in Resources */ = {isa = PBXBuildFile; fileRef = A7BCD282258A319300CB62C6 /* Preview Assets.xcassets */; };
		A7BCD28E258A319400CB62C6 /* MobilApp_LABCTests.swift in Sources */ = {isa = PBXBuildFile; fileRef = A7BCD28D258A319400CB62C6 /* MobilApp_LABCTests.swift */; };
		A7BCD299258A319400CB62C6 /* MobilApp_LABCUITests.swift in Sources */ = {isa = PBXBuildFile; fileRef = A7BCD298258A319400CB62C6 /* MobilApp_LABCUITests.swift */; };
		A7BCD2AA258A320C00CB62C6 /* MapView.swift in Sources */ = {isa = PBXBuildFile; fileRef = A7BCD2A9258A320C00CB62C6 /* MapView.swift */; };
		A7BCD2AF258A32F700CB62C6 /* MapController.swift in Sources */ = {isa = PBXBuildFile; fileRef = A7BCD2AE258A32F700CB62C6 /* MapController.swift */; };
		A7BCD2BA258A330600CB62C6 /* Controller.swift in Sources */ = {isa = PBXBuildFile; fileRef = A7BCD2B9258A330600CB62C6 /* Controller.swift */; };
		A7BCD2BF258A333800CB62C6 /* PAutomat.swift in Sources */ = {isa = PBXBuildFile; fileRef = A7BCD2BE258A333800CB62C6 /* PAutomat.swift */; };
		A7BCD2C5258A336100CB62C6 /* ParkDataModel.swift in Sources */ = {isa = PBXBuildFile; fileRef = A7BCD2C4258A336100CB62C6 /* ParkDataModel.swift */; };
		A7BCD2CB258A33A000CB62C6 /* APIFetcher.swift in Sources */ = {isa = PBXBuildFile; fileRef = A7BCD2CA258A33A000CB62C6 /* APIFetcher.swift */; };
/* End PBXBuildFile section */

/* Begin PBXContainerItemProxy section */
		A7BCD28A258A319400CB62C6 /* PBXContainerItemProxy */ = {
			isa = PBXContainerItemProxy;
			containerPortal = A7BCD270258A318F00CB62C6 /* Project object */;
			proxyType = 1;
			remoteGlobalIDString = A7BCD277258A318F00CB62C6;
			remoteInfo = MobilApp_LABC;
		};
		A7BCD295258A319400CB62C6 /* PBXContainerItemProxy */ = {
			isa = PBXContainerItemProxy;
			containerPortal = A7BCD270258A318F00CB62C6 /* Project object */;
			proxyType = 1;
			remoteGlobalIDString = A7BCD277258A318F00CB62C6;
			remoteInfo = MobilApp_LABC;
		};
/* End PBXContainerItemProxy section */

/* Begin PBXFileReference section */
		691633862592337900AD5718 /* MapPressedView.swift */ = {isa = PBXFileReference; lastKnownFileType = sourcecode.swift; path = MapPressedView.swift; sourceTree = "<group>"; };
		6972E81F259103F6000BD3A5 /* PAutomatStruct.swift */ = {isa = PBXFileReference; lastKnownFileType = sourcecode.swift; path = PAutomatStruct.swift; sourceTree = "<group>"; };
		A7BCD278258A318F00CB62C6 /* MobilApp_LABC.app */ = {isa = PBXFileReference; explicitFileType = wrapper.application; includeInIndex = 0; path = MobilApp_LABC.app; sourceTree = BUILT_PRODUCTS_DIR; };
		A7BCD27B258A318F00CB62C6 /* MobilApp_LABCApp.swift */ = {isa = PBXFileReference; lastKnownFileType = sourcecode.swift; path = MobilApp_LABCApp.swift; sourceTree = "<group>"; };
		A7BCD27D258A318F00CB62C6 /* ContentView.swift */ = {isa = PBXFileReference; lastKnownFileType = sourcecode.swift; path = ContentView.swift; sourceTree = "<group>"; };
		A7BCD27F258A319300CB62C6 /* Assets.xcassets */ = {isa = PBXFileReference; lastKnownFileType = folder.assetcatalog; path = Assets.xcassets; sourceTree = "<group>"; };
		A7BCD282258A319300CB62C6 /* Preview Assets.xcassets */ = {isa = PBXFileReference; lastKnownFileType = folder.assetcatalog; path = "Preview Assets.xcassets"; sourceTree = "<group>"; };
		A7BCD284258A319300CB62C6 /* Info.plist */ = {isa = PBXFileReference; lastKnownFileType = text.plist.xml; path = Info.plist; sourceTree = "<group>"; };
		A7BCD289258A319400CB62C6 /* MobilApp_LABCTests.xctest */ = {isa = PBXFileReference; explicitFileType = wrapper.cfbundle; includeInIndex = 0; path = MobilApp_LABCTests.xctest; sourceTree = BUILT_PRODUCTS_DIR; };
		A7BCD28D258A319400CB62C6 /* MobilApp_LABCTests.swift */ = {isa = PBXFileReference; lastKnownFileType = sourcecode.swift; path = MobilApp_LABCTests.swift; sourceTree = "<group>"; };
		A7BCD28F258A319400CB62C6 /* Info.plist */ = {isa = PBXFileReference; lastKnownFileType = text.plist.xml; path = Info.plist; sourceTree = "<group>"; };
		A7BCD294258A319400CB62C6 /* MobilApp_LABCUITests.xctest */ = {isa = PBXFileReference; explicitFileType = wrapper.cfbundle; includeInIndex = 0; path = MobilApp_LABCUITests.xctest; sourceTree = BUILT_PRODUCTS_DIR; };
		A7BCD298258A319400CB62C6 /* MobilApp_LABCUITests.swift */ = {isa = PBXFileReference; lastKnownFileType = sourcecode.swift; path = MobilApp_LABCUITests.swift; sourceTree = "<group>"; };
		A7BCD29A258A319400CB62C6 /* Info.plist */ = {isa = PBXFileReference; lastKnownFileType = text.plist.xml; path = Info.plist; sourceTree = "<group>"; };
		A7BCD2A9258A320C00CB62C6 /* MapView.swift */ = {isa = PBXFileReference; lastKnownFileType = sourcecode.swift; path = MapView.swift; sourceTree = "<group>"; };
		A7BCD2AE258A32F700CB62C6 /* MapController.swift */ = {isa = PBXFileReference; lastKnownFileType = sourcecode.swift; path = MapController.swift; sourceTree = "<group>"; };
		A7BCD2B9258A330600CB62C6 /* Controller.swift */ = {isa = PBXFileReference; lastKnownFileType = sourcecode.swift; path = Controller.swift; sourceTree = "<group>"; };
		A7BCD2BE258A333800CB62C6 /* PAutomat.swift */ = {isa = PBXFileReference; lastKnownFileType = sourcecode.swift; path = PAutomat.swift; sourceTree = "<group>"; };
		A7BCD2C4258A336100CB62C6 /* ParkDataModel.swift */ = {isa = PBXFileReference; lastKnownFileType = sourcecode.swift; path = ParkDataModel.swift; sourceTree = "<group>"; };
		A7BCD2CA258A33A000CB62C6 /* APIFetcher.swift */ = {isa = PBXFileReference; lastKnownFileType = sourcecode.swift; path = APIFetcher.swift; sourceTree = "<group>"; };
/* End PBXFileReference section */

/* Begin PBXFrameworksBuildPhase section */
		A7BCD275258A318F00CB62C6 /* Frameworks */ = {
			isa = PBXFrameworksBuildPhase;
			buildActionMask = 2147483647;
			files = (
				69B022C2259128F3006EFAAA /* CoordinateTransformationLibrary in Frameworks */,
			);
			runOnlyForDeploymentPostprocessing = 0;
		};
		A7BCD286258A319400CB62C6 /* Frameworks */ = {
			isa = PBXFrameworksBuildPhase;
			buildActionMask = 2147483647;
			files = (
			);
			runOnlyForDeploymentPostprocessing = 0;
		};
		A7BCD291258A319400CB62C6 /* Frameworks */ = {
			isa = PBXFrameworksBuildPhase;
			buildActionMask = 2147483647;
			files = (
			);
			runOnlyForDeploymentPostprocessing = 0;
		};
/* End PBXFrameworksBuildPhase section */

/* Begin PBXGroup section */
		A7BCD26F258A318F00CB62C6 = {
			isa = PBXGroup;
			children = (
				A7BCD27A258A318F00CB62C6 /* MobilApp_LABC */,
				A7BCD28C258A319400CB62C6 /* MobilApp_LABCTests */,
				A7BCD297258A319400CB62C6 /* MobilApp_LABCUITests */,
				A7BCD279258A318F00CB62C6 /* Products */,
			);
			sourceTree = "<group>";
		};
		A7BCD279258A318F00CB62C6 /* Products */ = {
			isa = PBXGroup;
			children = (
				A7BCD278258A318F00CB62C6 /* MobilApp_LABC.app */,
				A7BCD289258A319400CB62C6 /* MobilApp_LABCTests.xctest */,
				A7BCD294258A319400CB62C6 /* MobilApp_LABCUITests.xctest */,
			);
			name = Products;
			sourceTree = "<group>";
		};
		A7BCD27A258A318F00CB62C6 /* MobilApp_LABC */ = {
			isa = PBXGroup;
			children = (
				A7BCD2C9258A337200CB62C6 /* Models */,
				A7BCD2C3258A334200CB62C6 /* Controllers */,
				A7BCD2A9258A320C00CB62C6 /* MapView.swift */,
				A7BCD27B258A318F00CB62C6 /* MobilApp_LABCApp.swift */,
				A7BCD27D258A318F00CB62C6 /* ContentView.swift */,
				691633862592337900AD5718 /* MapPressedView.swift */,
				A7BCD2BE258A333800CB62C6 /* PAutomat.swift */,
				6972E81F259103F6000BD3A5 /* PAutomatStruct.swift */,
				A7BCD2CA258A33A000CB62C6 /* APIFetcher.swift */,
				A7BCD27F258A319300CB62C6 /* Assets.xcassets */,
				A7BCD284258A319300CB62C6 /* Info.plist */,
				A7BCD281258A319300CB62C6 /* Preview Content */,
			);
			path = MobilApp_LABC;
			sourceTree = "<group>";
		};
		A7BCD281258A319300CB62C6 /* Preview Content */ = {
			isa = PBXGroup;
			children = (
				A7BCD282258A319300CB62C6 /* Preview Assets.xcassets */,
			);
			path = "Preview Content";
			sourceTree = "<group>";
		};
		A7BCD28C258A319400CB62C6 /* MobilApp_LABCTests */ = {
			isa = PBXGroup;
			children = (
				A7BCD28D258A319400CB62C6 /* MobilApp_LABCTests.swift */,
				A7BCD28F258A319400CB62C6 /* Info.plist */,
			);
			path = MobilApp_LABCTests;
			sourceTree = "<group>";
		};
		A7BCD297258A319400CB62C6 /* MobilApp_LABCUITests */ = {
			isa = PBXGroup;
			children = (
				A7BCD298258A319400CB62C6 /* MobilApp_LABCUITests.swift */,
				A7BCD29A258A319400CB62C6 /* Info.plist */,
			);
			path = MobilApp_LABCUITests;
			sourceTree = "<group>";
		};
		A7BCD2C3258A334200CB62C6 /* Controllers */ = {
			isa = PBXGroup;
			children = (
				A7BCD2AE258A32F700CB62C6 /* MapController.swift */,
				A7BCD2B9258A330600CB62C6 /* Controller.swift */,
			);
			path = Controllers;
			sourceTree = "<group>";
		};
		A7BCD2C9258A337200CB62C6 /* Models */ = {
			isa = PBXGroup;
			children = (
				A7BCD2C4258A336100CB62C6 /* ParkDataModel.swift */,
			);
			path = Models;
			sourceTree = "<group>";
		};
/* End PBXGroup section */

/* Begin PBXNativeTarget section */
		A7BCD277258A318F00CB62C6 /* MobilApp_LABC */ = {
			isa = PBXNativeTarget;
			buildConfigurationList = A7BCD29D258A319400CB62C6 /* Build configuration list for PBXNativeTarget "MobilApp_LABC" */;
			buildPhases = (
				A7BCD274258A318F00CB62C6 /* Sources */,
				A7BCD275258A318F00CB62C6 /* Frameworks */,
				A7BCD276258A318F00CB62C6 /* Resources */,
			);
			buildRules = (
			);
			dependencies = (
			);
			name = MobilApp_LABC;
			packageProductDependencies = (
				69B022C1259128F3006EFAAA /* CoordinateTransformationLibrary */,
			);
			productName = MobilApp_LABC;
			productReference = A7BCD278258A318F00CB62C6 /* MobilApp_LABC.app */;
			productType = "com.apple.product-type.application";
		};
		A7BCD288258A319400CB62C6 /* MobilApp_LABCTests */ = {
			isa = PBXNativeTarget;
			buildConfigurationList = A7BCD2A0258A319400CB62C6 /* Build configuration list for PBXNativeTarget "MobilApp_LABCTests" */;
			buildPhases = (
				A7BCD285258A319400CB62C6 /* Sources */,
				A7BCD286258A319400CB62C6 /* Frameworks */,
				A7BCD287258A319400CB62C6 /* Resources */,
			);
			buildRules = (
			);
			dependencies = (
				A7BCD28B258A319400CB62C6 /* PBXTargetDependency */,
			);
			name = MobilApp_LABCTests;
			productName = MobilApp_LABCTests;
			productReference = A7BCD289258A319400CB62C6 /* MobilApp_LABCTests.xctest */;
			productType = "com.apple.product-type.bundle.unit-test";
		};
		A7BCD293258A319400CB62C6 /* MobilApp_LABCUITests */ = {
			isa = PBXNativeTarget;
			buildConfigurationList = A7BCD2A3258A319400CB62C6 /* Build configuration list for PBXNativeTarget "MobilApp_LABCUITests" */;
			buildPhases = (
				A7BCD290258A319400CB62C6 /* Sources */,
				A7BCD291258A319400CB62C6 /* Frameworks */,
				A7BCD292258A319400CB62C6 /* Resources */,
			);
			buildRules = (
			);
			dependencies = (
				A7BCD296258A319400CB62C6 /* PBXTargetDependency */,
			);
			name = MobilApp_LABCUITests;
			productName = MobilApp_LABCUITests;
			productReference = A7BCD294258A319400CB62C6 /* MobilApp_LABCUITests.xctest */;
			productType = "com.apple.product-type.bundle.ui-testing";
		};
/* End PBXNativeTarget section */

/* Begin PBXProject section */
		A7BCD270258A318F00CB62C6 /* Project object */ = {
			isa = PBXProject;
			attributes = {
				LastSwiftUpdateCheck = 1220;
				LastUpgradeCheck = 1220;
				TargetAttributes = {
					A7BCD277258A318F00CB62C6 = {
						CreatedOnToolsVersion = 12.2;
					};
					A7BCD288258A319400CB62C6 = {
						CreatedOnToolsVersion = 12.2;
						TestTargetID = A7BCD277258A318F00CB62C6;
					};
					A7BCD293258A319400CB62C6 = {
						CreatedOnToolsVersion = 12.2;
						TestTargetID = A7BCD277258A318F00CB62C6;
					};
				};
			};
			buildConfigurationList = A7BCD273258A318F00CB62C6 /* Build configuration list for PBXProject "MobilApp_LABC" */;
			compatibilityVersion = "Xcode 9.3";
			developmentRegion = en;
			hasScannedForEncodings = 0;
			knownRegions = (
				en,
				Base,
			);
			mainGroup = A7BCD26F258A318F00CB62C6;
			packageReferences = (
				69B022C0259128F3006EFAAA /* XCRemoteSwiftPackageReference "CoordinateTransformationLibrary" */,
			);
			productRefGroup = A7BCD279258A318F00CB62C6 /* Products */;
			projectDirPath = "";
			projectRoot = "";
			targets = (
				A7BCD277258A318F00CB62C6 /* MobilApp_LABC */,
				A7BCD288258A319400CB62C6 /* MobilApp_LABCTests */,
				A7BCD293258A319400CB62C6 /* MobilApp_LABCUITests */,
			);
		};
/* End PBXProject section */

/* Begin PBXResourcesBuildPhase section */
		A7BCD276258A318F00CB62C6 /* Resources */ = {
			isa = PBXResourcesBuildPhase;
			buildActionMask = 2147483647;
			files = (
				A7BCD283258A319300CB62C6 /* Preview Assets.xcassets in Resources */,
				A7BCD280258A319300CB62C6 /* Assets.xcassets in Resources */,
			);
			runOnlyForDeploymentPostprocessing = 0;
		};
		A7BCD287258A319400CB62C6 /* Resources */ = {
			isa = PBXResourcesBuildPhase;
			buildActionMask = 2147483647;
			files = (
			);
			runOnlyForDeploymentPostprocessing = 0;
		};
		A7BCD292258A319400CB62C6 /* Resources */ = {
			isa = PBXResourcesBuildPhase;
			buildActionMask = 2147483647;
			files = (
			);
			runOnlyForDeploymentPostprocessing = 0;
		};
/* End PBXResourcesBuildPhase section */

/* Begin PBXSourcesBuildPhase section */
		A7BCD274258A318F00CB62C6 /* Sources */ = {
			isa = PBXSourcesBuildPhase;
			buildActionMask = 2147483647;
			files = (
				691633872592337900AD5718 /* MapPressedView.swift in Sources */,
				A7BCD2C5258A336100CB62C6 /* ParkDataModel.swift in Sources */,
				A7BCD2BF258A333800CB62C6 /* PAutomat.swift in Sources */,
				A7BCD2BA258A330600CB62C6 /* Controller.swift in Sources */,
				A7BCD2AF258A32F700CB62C6 /* MapController.swift in Sources */,
				A7BCD27E258A318F00CB62C6 /* ContentView.swift in Sources */,
				A7BCD2AA258A320C00CB62C6 /* MapView.swift in Sources */,
				A7BCD2CB258A33A000CB62C6 /* APIFetcher.swift in Sources */,
				A7BCD27C258A318F00CB62C6 /* MobilApp_LABCApp.swift in Sources */,
				6972E820259103F6000BD3A5 /* PAutomatStruct.swift in Sources */,
			);
			runOnlyForDeploymentPostprocessing = 0;
		};
		A7BCD285258A319400CB62C6 /* Sources */ = {
			isa = PBXSourcesBuildPhase;
			buildActionMask = 2147483647;
			files = (
				A7BCD28E258A319400CB62C6 /* MobilApp_LABCTests.swift in Sources */,
			);
			runOnlyForDeploymentPostprocessing = 0;
		};
		A7BCD290258A319400CB62C6 /* Sources */ = {
			isa = PBXSourcesBuildPhase;
			buildActionMask = 2147483647;
			files = (
				A7BCD299258A319400CB62C6 /* MobilApp_LABCUITests.swift in Sources */,
			);
			runOnlyForDeploymentPostprocessing = 0;
		};
/* End PBXSourcesBuildPhase section */

/* Begin PBXTargetDependency section */
		A7BCD28B258A319400CB62C6 /* PBXTargetDependency */ = {
			isa = PBXTargetDependency;
			target = A7BCD277258A318F00CB62C6 /* MobilApp_LABC */;
			targetProxy = A7BCD28A258A319400CB62C6 /* PBXContainerItemProxy */;
		};
		A7BCD296258A319400CB62C6 /* PBXTargetDependency */ = {
			isa = PBXTargetDependency;
			target = A7BCD277258A318F00CB62C6 /* MobilApp_LABC */;
			targetProxy = A7BCD295258A319400CB62C6 /* PBXContainerItemProxy */;
		};
/* End PBXTargetDependency section */

/* Begin XCBuildConfiguration section */
		A7BCD29B258A319400CB62C6 /* Debug */ = {
			isa = XCBuildConfiguration;
			buildSettings = {
				ALWAYS_SEARCH_USER_PATHS = NO;
				CLANG_ANALYZER_NONNULL = YES;
				CLANG_ANALYZER_NUMBER_OBJECT_CONVERSION = YES_AGGRESSIVE;
				CLANG_CXX_LANGUAGE_STANDARD = "gnu++14";
				CLANG_CXX_LIBRARY = "libc++";
				CLANG_ENABLE_MODULES = YES;
				CLANG_ENABLE_OBJC_ARC = YES;
				CLANG_ENABLE_OBJC_WEAK = YES;
				CLANG_WARN_BLOCK_CAPTURE_AUTORELEASING = YES;
				CLANG_WARN_BOOL_CONVERSION = YES;
				CLANG_WARN_COMMA = YES;
				CLANG_WARN_CONSTANT_CONVERSION = YES;
				CLANG_WARN_DEPRECATED_OBJC_IMPLEMENTATIONS = YES;
				CLANG_WARN_DIRECT_OBJC_ISA_USAGE = YES_ERROR;
				CLANG_WARN_DOCUMENTATION_COMMENTS = YES;
				CLANG_WARN_EMPTY_BODY = YES;
				CLANG_WARN_ENUM_CONVERSION = YES;
				CLANG_WARN_INFINITE_RECURSION = YES;
				CLANG_WARN_INT_CONVERSION = YES;
				CLANG_WARN_NON_LITERAL_NULL_CONVERSION = YES;
				CLANG_WARN_OBJC_IMPLICIT_RETAIN_SELF = YES;
				CLANG_WARN_OBJC_LITERAL_CONVERSION = YES;
				CLANG_WARN_OBJC_ROOT_CLASS = YES_ERROR;
				CLANG_WARN_QUOTED_INCLUDE_IN_FRAMEWORK_HEADER = YES;
				CLANG_WARN_RANGE_LOOP_ANALYSIS = YES;
				CLANG_WARN_STRICT_PROTOTYPES = YES;
				CLANG_WARN_SUSPICIOUS_MOVE = YES;
				CLANG_WARN_UNGUARDED_AVAILABILITY = YES_AGGRESSIVE;
				CLANG_WARN_UNREACHABLE_CODE = YES;
				CLANG_WARN__DUPLICATE_METHOD_MATCH = YES;
				COPY_PHASE_STRIP = NO;
				DEBUG_INFORMATION_FORMAT = dwarf;
				ENABLE_STRICT_OBJC_MSGSEND = YES;
				ENABLE_TESTABILITY = YES;
				GCC_C_LANGUAGE_STANDARD = gnu11;
				GCC_DYNAMIC_NO_PIC = NO;
				GCC_NO_COMMON_BLOCKS = YES;
				GCC_OPTIMIZATION_LEVEL = 0;
				GCC_PREPROCESSOR_DEFINITIONS = (
					"DEBUG=1",
					"$(inherited)",
				);
				GCC_WARN_64_TO_32_BIT_CONVERSION = YES;
				GCC_WARN_ABOUT_RETURN_TYPE = YES_ERROR;
				GCC_WARN_UNDECLARED_SELECTOR = YES;
				GCC_WARN_UNINITIALIZED_AUTOS = YES_AGGRESSIVE;
				GCC_WARN_UNUSED_FUNCTION = YES;
				GCC_WARN_UNUSED_VARIABLE = YES;
				IPHONEOS_DEPLOYMENT_TARGET = 14.2;
				MTL_ENABLE_DEBUG_INFO = INCLUDE_SOURCE;
				MTL_FAST_MATH = YES;
				ONLY_ACTIVE_ARCH = YES;
				SDKROOT = iphoneos;
				SWIFT_ACTIVE_COMPILATION_CONDITIONS = DEBUG;
				SWIFT_OPTIMIZATION_LEVEL = "-Onone";
			};
			name = Debug;
		};
		A7BCD29C258A319400CB62C6 /* Release */ = {
			isa = XCBuildConfiguration;
			buildSettings = {
				ALWAYS_SEARCH_USER_PATHS = NO;
				CLANG_ANALYZER_NONNULL = YES;
				CLANG_ANALYZER_NUMBER_OBJECT_CONVERSION = YES_AGGRESSIVE;
				CLANG_CXX_LANGUAGE_STANDARD = "gnu++14";
				CLANG_CXX_LIBRARY = "libc++";
				CLANG_ENABLE_MODULES = YES;
				CLANG_ENABLE_OBJC_ARC = YES;
				CLANG_ENABLE_OBJC_WEAK = YES;
				CLANG_WARN_BLOCK_CAPTURE_AUTORELEASING = YES;
				CLANG_WARN_BOOL_CONVERSION = YES;
				CLANG_WARN_COMMA = YES;
				CLANG_WARN_CONSTANT_CONVERSION = YES;
				CLANG_WARN_DEPRECATED_OBJC_IMPLEMENTATIONS = YES;
				CLANG_WARN_DIRECT_OBJC_ISA_USAGE = YES_ERROR;
				CLANG_WARN_DOCUMENTATION_COMMENTS = YES;
				CLANG_WARN_EMPTY_BODY = YES;
				CLANG_WARN_ENUM_CONVERSION = YES;
				CLANG_WARN_INFINITE_RECURSION = YES;
				CLANG_WARN_INT_CONVERSION = YES;
				CLANG_WARN_NON_LITERAL_NULL_CONVERSION = YES;
				CLANG_WARN_OBJC_IMPLICIT_RETAIN_SELF = YES;
				CLANG_WARN_OBJC_LITERAL_CONVERSION = YES;
				CLANG_WARN_OBJC_ROOT_CLASS = YES_ERROR;
				CLANG_WARN_QUOTED_INCLUDE_IN_FRAMEWORK_HEADER = YES;
				CLANG_WARN_RANGE_LOOP_ANALYSIS = YES;
				CLANG_WARN_STRICT_PROTOTYPES = YES;
				CLANG_WARN_SUSPICIOUS_MOVE = YES;
				CLANG_WARN_UNGUARDED_AVAILABILITY = YES_AGGRESSIVE;
				CLANG_WARN_UNREACHABLE_CODE = YES;
				CLANG_WARN__DUPLICATE_METHOD_MATCH = YES;
				COPY_PHASE_STRIP = NO;
				DEBUG_INFORMATION_FORMAT = "dwarf-with-dsym";
				ENABLE_NS_ASSERTIONS = NO;
				ENABLE_STRICT_OBJC_MSGSEND = YES;
				GCC_C_LANGUAGE_STANDARD = gnu11;
				GCC_NO_COMMON_BLOCKS = YES;
				GCC_WARN_64_TO_32_BIT_CONVERSION = YES;
				GCC_WARN_ABOUT_RETURN_TYPE = YES_ERROR;
				GCC_WARN_UNDECLARED_SELECTOR = YES;
				GCC_WARN_UNINITIALIZED_AUTOS = YES_AGGRESSIVE;
				GCC_WARN_UNUSED_FUNCTION = YES;
				GCC_WARN_UNUSED_VARIABLE = YES;
				IPHONEOS_DEPLOYMENT_TARGET = 14.2;
				MTL_ENABLE_DEBUG_INFO = NO;
				MTL_FAST_MATH = YES;
				SDKROOT = iphoneos;
				SWIFT_COMPILATION_MODE = wholemodule;
				SWIFT_OPTIMIZATION_LEVEL = "-O";
				VALIDATE_PRODUCT = YES;
			};
			name = Release;
		};
		A7BCD29E258A319400CB62C6 /* Debug */ = {
			isa = XCBuildConfiguration;
			buildSettings = {
				ASSETCATALOG_COMPILER_APPICON_NAME = AppIcon;
				ASSETCATALOG_COMPILER_GLOBAL_ACCENT_COLOR_NAME = AccentColor;
				CODE_SIGN_STYLE = Automatic;
				DEVELOPMENT_ASSET_PATHS = "\"MobilApp_LABC/Preview Content\"";
				DEVELOPMENT_TEAM = TKM8762PGK;
				ENABLE_PREVIEWS = YES;
				INFOPLIST_FILE = MobilApp_LABC/Info.plist;
				IPHONEOS_DEPLOYMENT_TARGET = 14.0;
				LD_RUNPATH_SEARCH_PATHS = (
					"$(inherited)",
					"@executable_path/Frameworks",
				);
				PRODUCT_BUNDLE_IDENTIFIER = "Ernst.MobilApp-LABC";
				PRODUCT_NAME = "$(TARGET_NAME)";
				SWIFT_VERSION = 5.0;
				TARGETED_DEVICE_FAMILY = 1;
			};
			name = Debug;
		};
		A7BCD29F258A319400CB62C6 /* Release */ = {
			isa = XCBuildConfiguration;
			buildSettings = {
				ASSETCATALOG_COMPILER_APPICON_NAME = AppIcon;
				ASSETCATALOG_COMPILER_GLOBAL_ACCENT_COLOR_NAME = AccentColor;
				CODE_SIGN_STYLE = Automatic;
				DEVELOPMENT_ASSET_PATHS = "\"MobilApp_LABC/Preview Content\"";
				DEVELOPMENT_TEAM = TKM8762PGK;
				ENABLE_PREVIEWS = YES;
				INFOPLIST_FILE = MobilApp_LABC/Info.plist;
				IPHONEOS_DEPLOYMENT_TARGET = 14.0;
				LD_RUNPATH_SEARCH_PATHS = (
					"$(inherited)",
					"@executable_path/Frameworks",
				);
				PRODUCT_BUNDLE_IDENTIFIER = "Ernst.MobilApp-LABC";
				PRODUCT_NAME = "$(TARGET_NAME)";
				SWIFT_VERSION = 5.0;
				TARGETED_DEVICE_FAMILY = 1;
			};
			name = Release;
		};
		A7BCD2A1258A319400CB62C6 /* Debug */ = {
			isa = XCBuildConfiguration;
			buildSettings = {
				ALWAYS_EMBED_SWIFT_STANDARD_LIBRARIES = YES;
				BUNDLE_LOADER = "$(TEST_HOST)";
				CODE_SIGN_STYLE = Automatic;
				DEVELOPMENT_TEAM = TKM8762PGK;
				INFOPLIST_FILE = MobilApp_LABCTests/Info.plist;
				IPHONEOS_DEPLOYMENT_TARGET = 14.0;
				LD_RUNPATH_SEARCH_PATHS = (
					"$(inherited)",
					"@executable_path/Frameworks",
					"@loader_path/Frameworks",
				);
				PRODUCT_BUNDLE_IDENTIFIER = "Ernst.MobilApp-LABCTests";
				PRODUCT_NAME = "$(TARGET_NAME)";
				SWIFT_VERSION = 5.0;
				TARGETED_DEVICE_FAMILY = "1,2";
				TEST_HOST = "$(BUILT_PRODUCTS_DIR)/MobilApp_LABC.app/MobilApp_LABC";
			};
			name = Debug;
		};
		A7BCD2A2258A319400CB62C6 /* Release */ = {
			isa = XCBuildConfiguration;
			buildSettings = {
				ALWAYS_EMBED_SWIFT_STANDARD_LIBRARIES = YES;
				BUNDLE_LOADER = "$(TEST_HOST)";
				CODE_SIGN_STYLE = Automatic;
				DEVELOPMENT_TEAM = TKM8762PGK;
				INFOPLIST_FILE = MobilApp_LABCTests/Info.plist;
				IPHONEOS_DEPLOYMENT_TARGET = 14.0;
				LD_RUNPATH_SEARCH_PATHS = (
					"$(inherited)",
					"@executable_path/Frameworks",
					"@loader_path/Frameworks",
				);
				PRODUCT_BUNDLE_IDENTIFIER = "Ernst.MobilApp-LABCTests";
				PRODUCT_NAME = "$(TARGET_NAME)";
				SWIFT_VERSION = 5.0;
				TARGETED_DEVICE_FAMILY = "1,2";
				TEST_HOST = "$(BUILT_PRODUCTS_DIR)/MobilApp_LABC.app/MobilApp_LABC";
			};
			name = Release;
		};
		A7BCD2A4258A319400CB62C6 /* Debug */ = {
			isa = XCBuildConfiguration;
			buildSettings = {
				ALWAYS_EMBED_SWIFT_STANDARD_LIBRARIES = YES;
				CODE_SIGN_STYLE = Automatic;
				DEVELOPMENT_TEAM = TKM8762PGK;
				INFOPLIST_FILE = MobilApp_LABCUITests/Info.plist;
				LD_RUNPATH_SEARCH_PATHS = (
					"$(inherited)",
					"@executable_path/Frameworks",
					"@loader_path/Frameworks",
				);
				PRODUCT_BUNDLE_IDENTIFIER = "Ernst.MobilApp-LABCUITests";
				PRODUCT_NAME = "$(TARGET_NAME)";
				SWIFT_VERSION = 5.0;
				TARGETED_DEVICE_FAMILY = "1,2";
				TEST_TARGET_NAME = MobilApp_LABC;
			};
			name = Debug;
		};
		A7BCD2A5258A319400CB62C6 /* Release */ = {
			isa = XCBuildConfiguration;
			buildSettings = {
				ALWAYS_EMBED_SWIFT_STANDARD_LIBRARIES = YES;
				CODE_SIGN_STYLE = Automatic;
				DEVELOPMENT_TEAM = TKM8762PGK;
				INFOPLIST_FILE = MobilApp_LABCUITests/Info.plist;
				LD_RUNPATH_SEARCH_PATHS = (
					"$(inherited)",
					"@executable_path/Frameworks",
					"@loader_path/Frameworks",
				);
				PRODUCT_BUNDLE_IDENTIFIER = "Ernst.MobilApp-LABCUITests";
				PRODUCT_NAME = "$(TARGET_NAME)";
				SWIFT_VERSION = 5.0;
				TARGETED_DEVICE_FAMILY = "1,2";
				TEST_TARGET_NAME = MobilApp_LABC;
			};
			name = Release;
		};
/* End XCBuildConfiguration section */

/* Begin XCConfigurationList section */
		A7BCD273258A318F00CB62C6 /* Build configuration list for PBXProject "MobilApp_LABC" */ = {
			isa = XCConfigurationList;
			buildConfigurations = (
				A7BCD29B258A319400CB62C6 /* Debug */,
				A7BCD29C258A319400CB62C6 /* Release */,
			);
			defaultConfigurationIsVisible = 0;
			defaultConfigurationName = Release;
		};
		A7BCD29D258A319400CB62C6 /* Build configuration list for PBXNativeTarget "MobilApp_LABC" */ = {
			isa = XCConfigurationList;
			buildConfigurations = (
				A7BCD29E258A319400CB62C6 /* Debug */,
				A7BCD29F258A319400CB62C6 /* Release */,
			);
			defaultConfigurationIsVisible = 0;
			defaultConfigurationName = Release;
		};
		A7BCD2A0258A319400CB62C6 /* Build configuration list for PBXNativeTarget "MobilApp_LABCTests" */ = {
			isa = XCConfigurationList;
			buildConfigurations = (
				A7BCD2A1258A319400CB62C6 /* Debug */,
				A7BCD2A2258A319400CB62C6 /* Release */,
			);
			defaultConfigurationIsVisible = 0;
			defaultConfigurationName = Release;
		};
		A7BCD2A3258A319400CB62C6 /* Build configuration list for PBXNativeTarget "MobilApp_LABCUITests" */ = {
			isa = XCConfigurationList;
			buildConfigurations = (
				A7BCD2A4258A319400CB62C6 /* Debug */,
				A7BCD2A5258A319400CB62C6 /* Release */,
			);
			defaultConfigurationIsVisible = 0;
			defaultConfigurationName = Release;
		};
/* End XCConfigurationList section */

/* Begin XCRemoteSwiftPackageReference section */
		69B022C0259128F3006EFAAA /* XCRemoteSwiftPackageReference "CoordinateTransformationLibrary" */ = {
			isa = XCRemoteSwiftPackageReference;
			repositoryURL = "https://github.com/Oops-AB/CoordinateTransformationLibrary.git";
			requirement = {
				kind = upToNextMajorVersion;
				minimumVersion = 1.0.2;
			};
		};
/* End XCRemoteSwiftPackageReference section */

/* Begin XCSwiftPackageProductDependency section */
		69B022C1259128F3006EFAAA /* CoordinateTransformationLibrary */ = {
			isa = XCSwiftPackageProductDependency;
			package = 69B022C0259128F3006EFAAA /* XCRemoteSwiftPackageReference "CoordinateTransformationLibrary" */;
			productName = CoordinateTransformationLibrary;
		};
/* End XCSwiftPackageProductDependency section */
	};
	rootObject = A7BCD270258A318F00CB62C6 /* Project object */;
}
